
Microsoft Visual Studio Solution File, Format Version 12.00
# Visual Studio 15
VisualStudioVersion = 15.0.28307.779
MinimumVisualStudioVersion = 10.0.40219.1
Project("{FAE04EC0-301F-11D3-BF4B-00C04F79EFBC}") = "GIF-Reader-Foo", "GIF-Reader-Foo\GIF-Reader-Foo.csproj", "{60477D8F-56D4-4B45-A839-284B3D05BF84}"
EndProject
Global
	GlobalSection(SolutionConfigurationPlatforms) = preSolution
		Debug|Any CPU = Debug|Any CPU
		Release|Any CPU = Release|Any CPU
	EndGlobalSection
	GlobalSection(ProjectConfigurationPlatforms) = postSolution
		{60477D8F-56D4-4B45-A839-284B3D05BF84}.Debug|Any CPU.ActiveCfg = Debug|Any CPU
		{60477D8F-56D4-4B45-A839-284B3D05BF84}.Debug|Any CPU.Build.0 = Debug|Any CPU
		{60477D8F-56D4-4B45-A839-284B3D05BF84}.Release|Any CPU.ActiveCfg = Release|Any CPU
		{60477D8F-56D4-4B45-A839-284B3D05BF84}.Release|Any CPU.Build.0 = Release|Any CPU
	EndGlobalSection
	GlobalSection(SolutionProperties) = preSolution
		HideSolutionNode = FALSE
	EndGlobalSection
	GlobalSection(ExtensibilityGlobals) = postSolution
		SolutionGuid = {2F12C4C4-74B1-43F5-A8AC-9BC220E1B17D}
	EndGlobalSection
EndGlobal
